
Microsoft Visual Studio Solution File, Format Version 12.00
# Visual Studio Version 17
VisualStudioVersion = 17.13.35825.156 d17.13
MinimumVisualStudioVersion = 10.0.40219.1
Project("{FAE04EC0-301F-11D3-BF4B-00C04F79EFBC}") = "Lab0", "Lab0.csproj", "{02CB1E4E-6541-43FF-BE4D-C3043E4DE5F4}"
EndProject
Global
	GlobalSection(SolutionConfigurationPlatforms) = preSolution
		Debug|Any CPU = Debug|Any CPU
		Release|Any CPU = Release|Any CPU
	EndGlobalSection
	GlobalSection(ProjectConfigurationPlatforms) = postSolution
		{02CB1E4E-6541-43FF-BE4D-C3043E4DE5F4}.Debug|Any CPU.ActiveCfg = Debug|Any CPU
		{02CB1E4E-6541-43FF-BE4D-C3043E4DE5F4}.Debug|Any CPU.Build.0 = Debug|Any CPU
		{02CB1E4E-6541-43FF-BE4D-C3043E4DE5F4}.Release|Any CPU.ActiveCfg = Release|Any CPU
		{02CB1E4E-6541-43FF-BE4D-C3043E4DE5F4}.Release|Any CPU.Build.0 = Release|Any CPU
	EndGlobalSection
	GlobalSection(SolutionProperties) = preSolution
		HideSolutionNode = FALSE
	EndGlobalSection
	GlobalSection(ExtensibilityGlobals) = postSolution
		SolutionGuid = {25D0E21E-7DDE-4DC0-A267-C8B9FD01797D}
	EndGlobalSection
EndGlobal
